PODS:
  - Flutter (1.0.0)
  - flutter_callkit_voximplant (1.1.1):
    - Flutter

DEPENDENCIES:
  - Flutter (from `Flutter`)
  - flutter_callkit_voximplant (from `.symlinks/plugins/flutter_callkit_voximplant/ios`)

EXTERNAL SOURCES:
  Flutter:
    :path: Flutter
  flutter_callkit_voximplant:
    :path: ".symlinks/plugins/flutter_callkit_voximplant/ios"

SPEC CHECKSUMS:
  Flutter: 0e3d915762c693b495b44d77113d4970485de6ec
  flutter_callkit_voximplant: b01193937c96e634258721bb38d520c201f69bfc

PODFILE CHECKSUM: 8e679eca47255a8ca8067c4c67aab20e64cb974d

COCOAPODS: 1.10.0
