PODS:
  - Flutter (1.0.0)
  - "flutter_callkit_voximplant (1.1.0+2)":
    - Flutter

DEPENDENCIES:
  - Flutter (from `Flutter`)
  - flutter_callkit_voximplant (from `.symlinks/plugins/flutter_callkit_voximplant/ios`)

EXTERNAL SOURCES:
  Flutter:
    :path: Flutter
  flutter_callkit_voximplant:
    :path: ".symlinks/plugins/flutter_callkit_voximplant/ios"

SPEC CHECKSUMS:
  Flutter: 0e3d915762c693b495b44d77113d4970485de6ec
  flutter_callkit_voximplant: 1f2ca760d81bf03df3c2ac1c5ae46eeb954ccd1b

PODFILE CHECKSUM: 8e679eca47255a8ca8067c4c67aab20e64cb974d

COCOAPODS: 1.9.3
