PODS:
  - Flutter (1.0.0)
  - flutter_callkit_voximplant (1.1.0):
    - Flutter

DEPENDENCIES:
  - Flutter (from `Flutter`)
  - flutter_callkit_voximplant (from `.symlinks/plugins/flutter_callkit_voximplant/ios`)

EXTERNAL SOURCES:
  Flutter:
    :path: Flutter
  flutter_callkit_voximplant:
    :path: ".symlinks/plugins/flutter_callkit_voximplant/ios"

SPEC CHECKSUMS:
  Flutter: 0e3d915762c693b495b44d77113d4970485de6ec
  flutter_callkit_voximplant: 5f0154d8aa11bc0a1e15b8c707f37ea78bd23c64

PODFILE CHECKSUM: 78b14672016bc22bdb0bc60d3e8dca9f63afb6cb

COCOAPODS: 1.9.1
